
Microsoft Visual Studio Solution File, Format Version 10.00
# Visual Studio 2008
Project("{FAE04EC0-301F-11D3-BF4B-00C04F79EFBC}") = "Pes.Core", "Pes.Core.csproj", "{A97BFB5D-157F-42CF-AB97-58CF7F3948F8}"
EndProject
Project("{FAE04EC0-301F-11D3-BF4B-00C04F79EFBC}") = "PESWeb", "..\PESWeb\PESWeb.csproj", "{6DC7978F-BF43-4222-BA7E-4DE306D294CD}"
EndProject
Project("{FAE04EC0-301F-11D3-BF4B-00C04F79EFBC}") = "DynamicQuery", "..\DynamicQuery\DynamicQuery.csproj", "{7B92EBAD-8370-4BA0-9371-1C029984203C}"
EndProject
Project("{FAE04EC0-301F-11D3-BF4B-00C04F79EFBC}") = "SubSonic.Core", "..\SubSonic.Core\SubSonic.Core.csproj", "{53FF90B2-2D33-4EC0-91B6-A30FDF1B3374}"
EndProject
Project("{2150E333-8FDC-42A3-9474-1A3956D46DE8}") = "PESGames", "PESGames", "{B20AA33B-571E-4E89-BD8D-EF2DC65EE155}"
EndProject
Project("{FAE04EC0-301F-11D3-BF4B-00C04F79EFBC}") = "ChuOngThongMinh", "..\PES.Game\ChuOngThongMinh\ChuOngThongMinh.csproj", "{7DA60485-66B6-491C-AB36-E54547317838}"
EndProject
Project("{FAE04EC0-301F-11D3-BF4B-00C04F79EFBC}") = "Danh Trong", "..\PES.Game\Danh Trong\Danh Trong.csproj", "{3D3D2254-6CF8-4B09-9651-31F7BDEEECD1}"
EndProject
Project("{FAE04EC0-301F-11D3-BF4B-00C04F79EFBC}") = "HocChuCai 2", "..\PES.Game\HocChuCai 2\HocChuCai 2.csproj", "{A5CA56B7-3AF8-4C48-9953-2983A208CFFC}"
EndProject
Project("{FAE04EC0-301F-11D3-BF4B-00C04F79EFBC}") = "Khung long bat chu", "..\PES.Game\Khung long bat chu\Khung long bat chu.csproj", "{E4BBC1CD-3B13-4EBE-8D93-1F37ACBEABD7}"
EndProject
Project("{FAE04EC0-301F-11D3-BF4B-00C04F79EFBC}") = "LuyenTriNho", "..\PES.Game\LuyenTriNho\LuyenTriNho.csproj", "{8D3203F7-8D95-4DAA-A4C0-FC543F015613}"
EndProject
Project("{FAE04EC0-301F-11D3-BF4B-00C04F79EFBC}") = "PhuThuyDuaThu", "..\PES.Game\PhuThuyDuaThu\PhuThuyDuaThu.csproj", "{5908503E-3176-4110-965C-BE692FB072B8}"
EndProject
Project("{2150E333-8FDC-42A3-9474-1A3956D46DE8}") = "PESLearning", "PESLearning", "{033673F5-C35C-42FD-AEC6-B7B259F8A87D}"
EndProject
Project("{FAE04EC0-301F-11D3-BF4B-00C04F79EFBC}") = "MultiLanguages", "..\PES.LearningVietNamese\MultiLanguages\MultiLanguages.csproj", "{F7E6E6E5-31BC-4FCA-A432-A959827B8643}"
EndProject
Project("{FAE04EC0-301F-11D3-BF4B-00C04F79EFBC}") = "TracNghiem", "..\PES.LearningVietNamese\TracNghiem\TracNghiem.csproj", "{3AE6C576-CADE-4292-BBBC-6BF7B5C1E3C1}"
EndProject
Project("{2150E333-8FDC-42A3-9474-1A3956D46DE8}") = "Library", "Library", "{E5A04E51-D956-4BF7-891B-B82E3298B45A}"
EndProject
Project("{2150E333-8FDC-42A3-9474-1A3956D46DE8}") = "Studying", "Studying", "{6CA6D8CF-4119-4F76-8474-38453255559D}"
EndProject
Project("{2150E333-8FDC-42A3-9474-1A3956D46DE8}") = "Tools", "Tools", "{2B879CB4-2E1E-4009-8332-071E5534DC5F}"
EndProject
Project("{2150E333-8FDC-42A3-9474-1A3956D46DE8}") = "VI", "VI", "{8DCBB91B-9E6D-41DC-AB7C-4EC7B9E4382B}"
EndProject
Project("{2150E333-8FDC-42A3-9474-1A3956D46DE8}") = "OneClass", "OneClass", "{D9A59833-D950-4F84-8A49-B51B2D3E5703}"
EndProject
Project("{2150E333-8FDC-42A3-9474-1A3956D46DE8}") = "Math", "Math", "{C10EDB88-3255-4D71-BD44-EA6533FD9515}"
EndProject
Project("{2150E333-8FDC-42A3-9474-1A3956D46DE8}") = "Vietnamese", "Vietnamese", "{54F32F5F-7D89-4CA2-B72C-1F8317A31582}"
EndProject
Project("{2150E333-8FDC-42A3-9474-1A3956D46DE8}") = "Dynamic", "Dynamic", "{4DAEF834-4F96-42F4-869F-AF04A8021651}"
EndProject
Project("{FAE04EC0-301F-11D3-BF4B-00C04F79EFBC}") = "DynamicNavigation", "..\PES.LearningVietNamese\Dynamic\DynamicNavigation\DynamicNavigation.csproj", "{12E731BF-DCC6-49CA-8248-DFDF8552BAF6}"
EndProject
Project("{FAE04EC0-301F-11D3-BF4B-00C04F79EFBC}") = "DynamicNavigation.Utilities", "..\PES.LearningVietNamese\Dynamic\DynamicNavigation.Utilities\DynamicNavigation.Utilities.csproj", "{DF26BBEE-FC04-4D9F-8908-D466499BA1F9}"
EndProject
Project("{FAE04EC0-301F-11D3-BF4B-00C04F79EFBC}") = "Pes.Tests", "..\PES.LearningVietNamese\Pes.Tests\Pes.Tests\Pes.Tests.csproj", "{B487E855-5B8E-4FFD-AAC2-A807ED9CB058}"
EndProject
Project("{FAE04EC0-301F-11D3-BF4B-00C04F79EFBC}") = "PesHome", "..\PesHome\PesHome.csproj", "{D38FD888-D6B4-49B0-A1DE-804D4EAD5636}"
EndProject
Project("{FAE04EC0-301F-11D3-BF4B-00C04F79EFBC}") = "LibraryBooks", "..\PES.LearningVietNamese\Library\LibraryBooks\LibraryBooks.csproj", "{24E4ED8D-F1F2-40F8-80A4-9CDC32F5F5C4}"
EndProject
Project("{FAE04EC0-301F-11D3-BF4B-00C04F79EFBC}") = "PrimaryEducationSystem.Study.Lessons", "..\PES.LearningVietNamese\Studing\PrimaryEducationSystem.Study.Lessons\PrimaryEducationSystem.Study.Lessons.csproj", "{20027F04-6903-42E6-9E33-7E88A9050962}"
EndProject
Project("{FAE04EC0-301F-11D3-BF4B-00C04F79EFBC}") = "Studying", "..\PES.LearningVietNamese\Studing\Studying\Studying.csproj", "{DBCA781B-6EF8-48B3-AAE4-DA0CD650F94C}"
EndProject
Project("{FAE04EC0-301F-11D3-BF4B-00C04F79EFBC}") = "ITBusSilverlight", "..\PES.LearningVietNamese\ITBusSilverlight\ITBusSilverlight.csproj", "{279B5E40-0658-445B-99C8-E0EF1DCF724F}"
EndProject
Global
	GlobalSection(SolutionConfigurationPlatforms) = preSolution
		Debug|Any CPU = Debug|Any CPU
		Release|Any CPU = Release|Any CPU
	EndGlobalSection
	GlobalSection(ProjectConfigurationPlatforms) = postSolution
		{A97BFB5D-157F-42CF-AB97-58CF7F3948F8}.Debug|Any CPU.ActiveCfg = Debug|Any CPU
		{A97BFB5D-157F-42CF-AB97-58CF7F3948F8}.Debug|Any CPU.Build.0 = Debug|Any CPU
		{A97BFB5D-157F-42CF-AB97-58CF7F3948F8}.Release|Any CPU.ActiveCfg = Release|Any CPU
		{A97BFB5D-157F-42CF-AB97-58CF7F3948F8}.Release|Any CPU.Build.0 = Release|Any CPU
		{6DC7978F-BF43-4222-BA7E-4DE306D294CD}.Debug|Any CPU.ActiveCfg = Debug|Any CPU
		{6DC7978F-BF43-4222-BA7E-4DE306D294CD}.Debug|Any CPU.Build.0 = Debug|Any CPU
		{6DC7978F-BF43-4222-BA7E-4DE306D294CD}.Release|Any CPU.ActiveCfg = Release|Any CPU
		{6DC7978F-BF43-4222-BA7E-4DE306D294CD}.Release|Any CPU.Build.0 = Release|Any CPU
		{7B92EBAD-8370-4BA0-9371-1C029984203C}.Debug|Any CPU.ActiveCfg = Debug|Any CPU
		{7B92EBAD-8370-4BA0-9371-1C029984203C}.Debug|Any CPU.Build.0 = Debug|Any CPU
		{7B92EBAD-8370-4BA0-9371-1C029984203C}.Release|Any CPU.ActiveCfg = Release|Any CPU
		{7B92EBAD-8370-4BA0-9371-1C029984203C}.Release|Any CPU.Build.0 = Release|Any CPU
		{53FF90B2-2D33-4EC0-91B6-A30FDF1B3374}.Debug|Any CPU.ActiveCfg = Debug|Any CPU
		{53FF90B2-2D33-4EC0-91B6-A30FDF1B3374}.Debug|Any CPU.Build.0 = Debug|Any CPU
		{53FF90B2-2D33-4EC0-91B6-A30FDF1B3374}.Release|Any CPU.ActiveCfg = Release|Any CPU
		{53FF90B2-2D33-4EC0-91B6-A30FDF1B3374}.Release|Any CPU.Build.0 = Release|Any CPU
		{7DA60485-66B6-491C-AB36-E54547317838}.Debug|Any CPU.ActiveCfg = Debug|Any CPU
		{7DA60485-66B6-491C-AB36-E54547317838}.Debug|Any CPU.Build.0 = Debug|Any CPU
		{7DA60485-66B6-491C-AB36-E54547317838}.Release|Any CPU.ActiveCfg = Release|Any CPU
		{7DA60485-66B6-491C-AB36-E54547317838}.Release|Any CPU.Build.0 = Release|Any CPU
		{3D3D2254-6CF8-4B09-9651-31F7BDEEECD1}.Debug|Any CPU.ActiveCfg = Debug|Any CPU
		{3D3D2254-6CF8-4B09-9651-31F7BDEEECD1}.Debug|Any CPU.Build.0 = Debug|Any CPU
		{3D3D2254-6CF8-4B09-9651-31F7BDEEECD1}.Release|Any CPU.ActiveCfg = Release|Any CPU
		{3D3D2254-6CF8-4B09-9651-31F7BDEEECD1}.Release|Any CPU.Build.0 = Release|Any CPU
		{A5CA56B7-3AF8-4C48-9953-2983A208CFFC}.Debug|Any CPU.ActiveCfg = Debug|Any CPU
		{A5CA56B7-3AF8-4C48-9953-2983A208CFFC}.Debug|Any CPU.Build.0 = Debug|Any CPU
		{A5CA56B7-3AF8-4C48-9953-2983A208CFFC}.Release|Any CPU.ActiveCfg = Release|Any CPU
		{A5CA56B7-3AF8-4C48-9953-2983A208CFFC}.Release|Any CPU.Build.0 = Release|Any CPU
		{E4BBC1CD-3B13-4EBE-8D93-1F37ACBEABD7}.Debug|Any CPU.ActiveCfg = Debug|Any CPU
		{E4BBC1CD-3B13-4EBE-8D93-1F37ACBEABD7}.Debug|Any CPU.Build.0 = Debug|Any CPU
		{E4BBC1CD-3B13-4EBE-8D93-1F37ACBEABD7}.Release|Any CPU.ActiveCfg = Release|Any CPU
		{E4BBC1CD-3B13-4EBE-8D93-1F37ACBEABD7}.Release|Any CPU.Build.0 = Release|Any CPU
		{8D3203F7-8D95-4DAA-A4C0-FC543F015613}.Debug|Any CPU.ActiveCfg = Debug|Any CPU
		{8D3203F7-8D95-4DAA-A4C0-FC543F015613}.Debug|Any CPU.Build.0 = Debug|Any CPU
		{8D3203F7-8D95-4DAA-A4C0-FC543F015613}.Release|Any CPU.ActiveCfg = Release|Any CPU
		{8D3203F7-8D95-4DAA-A4C0-FC543F015613}.Release|Any CPU.Build.0 = Release|Any CPU
		{5908503E-3176-4110-965C-BE692FB072B8}.Debug|Any CPU.ActiveCfg = Debug|Any CPU
		{5908503E-3176-4110-965C-BE692FB072B8}.Debug|Any CPU.Build.0 = Debug|Any CPU
		{5908503E-3176-4110-965C-BE692FB072B8}.Release|Any CPU.ActiveCfg = Release|Any CPU
		{5908503E-3176-4110-965C-BE692FB072B8}.Release|Any CPU.Build.0 = Release|Any CPU
		{F7E6E6E5-31BC-4FCA-A432-A959827B8643}.Debug|Any CPU.ActiveCfg = Debug|Any CPU
		{F7E6E6E5-31BC-4FCA-A432-A959827B8643}.Debug|Any CPU.Build.0 = Debug|Any CPU
		{F7E6E6E5-31BC-4FCA-A432-A959827B8643}.Release|Any CPU.ActiveCfg = Release|Any CPU
		{F7E6E6E5-31BC-4FCA-A432-A959827B8643}.Release|Any CPU.Build.0 = Release|Any CPU
		{3AE6C576-CADE-4292-BBBC-6BF7B5C1E3C1}.Debug|Any CPU.ActiveCfg = Debug|Any CPU
		{3AE6C576-CADE-4292-BBBC-6BF7B5C1E3C1}.Debug|Any CPU.Build.0 = Debug|Any CPU
		{3AE6C576-CADE-4292-BBBC-6BF7B5C1E3C1}.Release|Any CPU.ActiveCfg = Release|Any CPU
		{3AE6C576-CADE-4292-BBBC-6BF7B5C1E3C1}.Release|Any CPU.Build.0 = Release|Any CPU
		{12E731BF-DCC6-49CA-8248-DFDF8552BAF6}.Debug|Any CPU.ActiveCfg = Debug|Any CPU
		{12E731BF-DCC6-49CA-8248-DFDF8552BAF6}.Debug|Any CPU.Build.0 = Debug|Any CPU
		{12E731BF-DCC6-49CA-8248-DFDF8552BAF6}.Release|Any CPU.ActiveCfg = Release|Any CPU
		{12E731BF-DCC6-49CA-8248-DFDF8552BAF6}.Release|Any CPU.Build.0 = Release|Any CPU
		{DF26BBEE-FC04-4D9F-8908-D466499BA1F9}.Debug|Any CPU.ActiveCfg = Debug|Any CPU
		{DF26BBEE-FC04-4D9F-8908-D466499BA1F9}.Debug|Any CPU.Build.0 = Debug|Any CPU
		{DF26BBEE-FC04-4D9F-8908-D466499BA1F9}.Release|Any CPU.ActiveCfg = Release|Any CPU
		{DF26BBEE-FC04-4D9F-8908-D466499BA1F9}.Release|Any CPU.Build.0 = Release|Any CPU
		{B487E855-5B8E-4FFD-AAC2-A807ED9CB058}.Debug|Any CPU.ActiveCfg = Debug|Any CPU
		{B487E855-5B8E-4FFD-AAC2-A807ED9CB058}.Debug|Any CPU.Build.0 = Debug|Any CPU
		{B487E855-5B8E-4FFD-AAC2-A807ED9CB058}.Release|Any CPU.ActiveCfg = Release|Any CPU
		{B487E855-5B8E-4FFD-AAC2-A807ED9CB058}.Release|Any CPU.Build.0 = Release|Any CPU
		{D38FD888-D6B4-49B0-A1DE-804D4EAD5636}.Debug|Any CPU.ActiveCfg = Debug|Any CPU
		{D38FD888-D6B4-49B0-A1DE-804D4EAD5636}.Debug|Any CPU.Build.0 = Debug|Any CPU
		{D38FD888-D6B4-49B0-A1DE-804D4EAD5636}.Release|Any CPU.ActiveCfg = Release|Any CPU
		{D38FD888-D6B4-49B0-A1DE-804D4EAD5636}.Release|Any CPU.Build.0 = Release|Any CPU
		{24E4ED8D-F1F2-40F8-80A4-9CDC32F5F5C4}.Debug|Any CPU.ActiveCfg = Debug|Any CPU
		{24E4ED8D-F1F2-40F8-80A4-9CDC32F5F5C4}.Debug|Any CPU.Build.0 = Debug|Any CPU
		{24E4ED8D-F1F2-40F8-80A4-9CDC32F5F5C4}.Release|Any CPU.ActiveCfg = Release|Any CPU
		{24E4ED8D-F1F2-40F8-80A4-9CDC32F5F5C4}.Release|Any CPU.Build.0 = Release|Any CPU
		{20027F04-6903-42E6-9E33-7E88A9050962}.Debug|Any CPU.ActiveCfg = Debug|Any CPU
		{20027F04-6903-42E6-9E33-7E88A9050962}.Debug|Any CPU.Build.0 = Debug|Any CPU
		{20027F04-6903-42E6-9E33-7E88A9050962}.Release|Any CPU.ActiveCfg = Release|Any CPU
		{20027F04-6903-42E6-9E33-7E88A9050962}.Release|Any CPU.Build.0 = Release|Any CPU
		{DBCA781B-6EF8-48B3-AAE4-DA0CD650F94C}.Debug|Any CPU.ActiveCfg = Debug|Any CPU
		{DBCA781B-6EF8-48B3-AAE4-DA0CD650F94C}.Debug|Any CPU.Build.0 = Debug|Any CPU
		{DBCA781B-6EF8-48B3-AAE4-DA0CD650F94C}.Release|Any CPU.ActiveCfg = Release|Any CPU
		{DBCA781B-6EF8-48B3-AAE4-DA0CD650F94C}.Release|Any CPU.Build.0 = Release|Any CPU
		{279B5E40-0658-445B-99C8-E0EF1DCF724F}.Debug|Any CPU.ActiveCfg = Debug|Any CPU
		{279B5E40-0658-445B-99C8-E0EF1DCF724F}.Debug|Any CPU.Build.0 = Debug|Any CPU
		{279B5E40-0658-445B-99C8-E0EF1DCF724F}.Release|Any CPU.ActiveCfg = Release|Any CPU
		{279B5E40-0658-445B-99C8-E0EF1DCF724F}.Release|Any CPU.Build.0 = Release|Any CPU
	EndGlobalSection
	GlobalSection(SolutionProperties) = preSolution
		HideSolutionNode = FALSE
	EndGlobalSection
	GlobalSection(NestedProjects) = preSolution
		{7DA60485-66B6-491C-AB36-E54547317838} = {B20AA33B-571E-4E89-BD8D-EF2DC65EE155}
		{3D3D2254-6CF8-4B09-9651-31F7BDEEECD1} = {B20AA33B-571E-4E89-BD8D-EF2DC65EE155}
		{A5CA56B7-3AF8-4C48-9953-2983A208CFFC} = {B20AA33B-571E-4E89-BD8D-EF2DC65EE155}
		{E4BBC1CD-3B13-4EBE-8D93-1F37ACBEABD7} = {B20AA33B-571E-4E89-BD8D-EF2DC65EE155}
		{8D3203F7-8D95-4DAA-A4C0-FC543F015613} = {B20AA33B-571E-4E89-BD8D-EF2DC65EE155}
		{5908503E-3176-4110-965C-BE692FB072B8} = {B20AA33B-571E-4E89-BD8D-EF2DC65EE155}
		{F7E6E6E5-31BC-4FCA-A432-A959827B8643} = {033673F5-C35C-42FD-AEC6-B7B259F8A87D}
		{3AE6C576-CADE-4292-BBBC-6BF7B5C1E3C1} = {033673F5-C35C-42FD-AEC6-B7B259F8A87D}
		{E5A04E51-D956-4BF7-891B-B82E3298B45A} = {033673F5-C35C-42FD-AEC6-B7B259F8A87D}
		{6CA6D8CF-4119-4F76-8474-38453255559D} = {033673F5-C35C-42FD-AEC6-B7B259F8A87D}
		{2B879CB4-2E1E-4009-8332-071E5534DC5F} = {033673F5-C35C-42FD-AEC6-B7B259F8A87D}
		{4DAEF834-4F96-42F4-869F-AF04A8021651} = {033673F5-C35C-42FD-AEC6-B7B259F8A87D}
		{279B5E40-0658-445B-99C8-E0EF1DCF724F} = {033673F5-C35C-42FD-AEC6-B7B259F8A87D}
		{24E4ED8D-F1F2-40F8-80A4-9CDC32F5F5C4} = {E5A04E51-D956-4BF7-891B-B82E3298B45A}
		{8DCBB91B-9E6D-41DC-AB7C-4EC7B9E4382B} = {6CA6D8CF-4119-4F76-8474-38453255559D}
		{DBCA781B-6EF8-48B3-AAE4-DA0CD650F94C} = {6CA6D8CF-4119-4F76-8474-38453255559D}
		{B487E855-5B8E-4FFD-AAC2-A807ED9CB058} = {2B879CB4-2E1E-4009-8332-071E5534DC5F}
		{D9A59833-D950-4F84-8A49-B51B2D3E5703} = {8DCBB91B-9E6D-41DC-AB7C-4EC7B9E4382B}
		{20027F04-6903-42E6-9E33-7E88A9050962} = {8DCBB91B-9E6D-41DC-AB7C-4EC7B9E4382B}
		{C10EDB88-3255-4D71-BD44-EA6533FD9515} = {D9A59833-D950-4F84-8A49-B51B2D3E5703}
		{54F32F5F-7D89-4CA2-B72C-1F8317A31582} = {D9A59833-D950-4F84-8A49-B51B2D3E5703}
		{12E731BF-DCC6-49CA-8248-DFDF8552BAF6} = {4DAEF834-4F96-42F4-869F-AF04A8021651}
		{DF26BBEE-FC04-4D9F-8908-D466499BA1F9} = {4DAEF834-4F96-42F4-869F-AF04A8021651}
	EndGlobalSection
EndGlobal
