
Microsoft Visual Studio Solution File, Format Version 10.00
# Visual Studio 2008
Project("{FAE04EC0-301F-11D3-BF4B-00C04F79EFBC}") = "PhuThuyDuaThu", "PhuThuyDuaThu.csproj", "{5908503E-3176-4110-965C-BE692FB072B8}"
EndProject
Global
	GlobalSection(SolutionConfigurationPlatforms) = preSolution
		Debug|Any CPU = Debug|Any CPU
		Release|Any CPU = Release|Any CPU
	EndGlobalSection
	GlobalSection(ProjectConfigurationPlatforms) = postSolution
		{5908503E-3176-4110-965C-BE692FB072B8}.Debug|Any CPU.ActiveCfg = Debug|Any CPU
		{5908503E-3176-4110-965C-BE692FB072B8}.Debug|Any CPU.Build.0 = Debug|Any CPU
		{5908503E-3176-4110-965C-BE692FB072B8}.Release|Any CPU.ActiveCfg = Release|Any CPU
		{5908503E-3176-4110-965C-BE692FB072B8}.Release|Any CPU.Build.0 = Release|Any CPU
	EndGlobalSection
	GlobalSection(SolutionProperties) = preSolution
		HideSolutionNode = FALSE
	EndGlobalSection
EndGlobal
